
Microsoft Visual Studio Solution File, Format Version 12.00
# Visual Studio Version 17
VisualStudioVersion = 17.14.36429.23 d17.14
MinimumVisualStudioVersion = 10.0.40219.1
Project("{FAE04EC0-301F-11D3-BF4B-00C04F79EFBC}") = "supp", "supp\supp.csproj", "{5CE72A26-7F13-49A8-9EB4-D7CED66A38D2}"
EndProject
Global
	GlobalSection(SolutionConfigurationPlatforms) = preSolution
		Debug|Any CPU = Debug|Any CPU
		Release|Any CPU = Release|Any CPU
	EndGlobalSection
	GlobalSection(ProjectConfigurationPlatforms) = postSolution
		{5CE72A26-7F13-49A8-9EB4-D7CED66A38D2}.Debug|Any CPU.ActiveCfg = Debug|Any CPU
		{5CE72A26-7F13-49A8-9EB4-D7CED66A38D2}.Debug|Any CPU.Build.0 = Debug|Any CPU
		{5CE72A26-7F13-49A8-9EB4-D7CED66A38D2}.Release|Any CPU.ActiveCfg = Release|Any CPU
		{5CE72A26-7F13-49A8-9EB4-D7CED66A38D2}.Release|Any CPU.Build.0 = Release|Any CPU
	EndGlobalSection
	GlobalSection(SolutionProperties) = preSolution
		HideSolutionNode = FALSE
	EndGlobalSection
	GlobalSection(ExtensibilityGlobals) = postSolution
		SolutionGuid = {CC057A70-8BA0-4298-BB2C-58695E2F45F2}
	EndGlobalSection
EndGlobal
